
Microsoft Visual Studio Solution File, Format Version 12.00
# Visual Studio Version 16
VisualStudioVersion = 16.0.32407.337
MinimumVisualStudioVersion = 10.0.40219.1
Project("{FAE04EC0-301F-11D3-BF4B-00C04F79EFBC}") = "Login", "Login\Login.csproj", "{2BAD38C0-C9BA-4AB0-800E-CD0EC2B21551}"
EndProject
Global
	GlobalSection(SolutionConfigurationPlatforms) = preSolution
		Debug|Any CPU = Debug|Any CPU
		Release|Any CPU = Release|Any CPU
	EndGlobalSection
	GlobalSection(ProjectConfigurationPlatforms) = postSolution
		{2BAD38C0-C9BA-4AB0-800E-CD0EC2B21551}.Debug|Any CPU.ActiveCfg = Debug|Any CPU
		{2BAD38C0-C9BA-4AB0-800E-CD0EC2B21551}.Debug|Any CPU.Build.0 = Debug|Any CPU
		{2BAD38C0-C9BA-4AB0-800E-CD0EC2B21551}.Release|Any CPU.ActiveCfg = Release|Any CPU
		{2BAD38C0-C9BA-4AB0-800E-CD0EC2B21551}.Release|Any CPU.Build.0 = Release|Any CPU
	EndGlobalSection
	GlobalSection(SolutionProperties) = preSolution
		HideSolutionNode = FALSE
	EndGlobalSection
	GlobalSection(ExtensibilityGlobals) = postSolution
		SolutionGuid = {6540B7BD-34FE-4B35-B07F-E5DC4573DE8A}
	EndGlobalSection
EndGlobal
